
# THIS IS AN AUTOGENERATED FILE. DO NOT EDIT THIS FILE DIRECTLY.
# yarn lockfile v1


"@babel/code-frame@^7.0.0":
  version "7.18.6"
  resolved "https://registry.yarnpkg.com/@babel/code-frame/-/code-frame-7.18.6.tgz#3b25d38c89600baa2dcc219edfa88a74eb2c427a"
  integrity sha512-TDCmlK5eOvH+eH7cdAFlNXeVJqWIQ7gW9tY1GJIpUtFb6CmjVyq2VM3u71bOyR8CRihcCgMUYoDNyLXao3+70Q==
  dependencies:
    "@babel/highlight" "^7.18.6"

"@babel/helper-validator-identifier@^7.18.6":
  version "7.18.6"
  resolved "https://registry.yarnpkg.com/@babel/helper-validator-identifier/-/helper-validator-identifier-7.18.6.tgz#9c97e30d31b2b8c72a1d08984f2ca9b574d7a076"
  integrity sha512-MmetCkz9ej86nJQV+sFCxoGGrUbU3q02kgLciwkrt9QqEB7cP39oKEY0PakknEO0Gu20SskMRi+AYZ3b1TpN9g==

"@babel/highlight@^7.18.6":
  version "7.18.6"
  resolved "https://registry.yarnpkg.com/@babel/highlight/-/highlight-7.18.6.tgz#81158601e93e2563795adcbfbdf5d64be3f2ecdf"
  integrity sha512-u7stbOuYjaPezCuLj29hNW1v64M2Md2qupEKP1fHc7WdOA3DgLh37suiSrZYY7haUB7iBeQZ9P1uiRF359do3g==
  dependencies:
    "@babel/helper-validator-identifier" "^7.18.6"
    chalk "^2.0.0"
    js-tokens "^4.0.0"

"@babel/parser@^7.16.4":
  version "7.18.8"
  resolved "https://registry.yarnpkg.com/@babel/parser/-/parser-7.18.8.tgz#822146080ac9c62dac0823bb3489622e0bc1cbdf"
  integrity sha512-RSKRfYX20dyH+elbJK2uqAkVyucL+xXzhqlMD5/ZXx+dAAwpyB7HsvnHe/ZUGOF+xLr5Wx9/JoXVTj6BQE2/oA==

"@csstools/selector-specificity@^2.0.2":
  version "2.0.2"
  resolved "https://registry.yarnpkg.com/@csstools/selector-specificity/-/selector-specificity-2.0.2.tgz#1bfafe4b7ed0f3e4105837e056e0a89b108ebe36"
  integrity sha512-IkpVW/ehM1hWKln4fCA3NzJU8KwD+kIOvPZA4cqxoJHtE21CCzjyp+Kxbu0i5I4tBNOlXPL9mjwnWlL0VEG4Fg==

"@eslint/eslintrc@^1.3.0":
  version "1.3.0"
  resolved "https://registry.yarnpkg.com/@eslint/eslintrc/-/eslintrc-1.3.0.tgz#29f92c30bb3e771e4a2048c95fa6855392dfac4f"
  integrity sha512-UWW0TMTmk2d7hLcWD1/e2g5HDM/HQ3csaLSqXCfqwh4uNDuNqlaKWXmEsL4Cs41Z0KnILNvwbHAah3C2yt06kw==
  dependencies:
    ajv "^6.12.4"
    debug "^4.3.2"
    espree "^9.3.2"
    globals "^13.15.0"
    ignore "^5.2.0"
    import-fresh "^3.2.1"
    js-yaml "^4.1.0"
    minimatch "^3.1.2"
    strip-json-comments "^3.1.1"

"@humanwhocodes/config-array@^0.10.4":
  version "0.10.4"
  resolved "https://registry.yarnpkg.com/@humanwhocodes/config-array/-/config-array-0.10.4.tgz#01e7366e57d2ad104feea63e72248f22015c520c"
  integrity sha512-mXAIHxZT3Vcpg83opl1wGlVZ9xydbfZO3r5YfRSH6Gpp2J/PfdBP0wbDa2sO6/qRbcalpoevVyW6A/fI6LfeMw==
  dependencies:
    "@humanwhocodes/object-schema" "^1.2.1"
    debug "^4.1.1"
    minimatch "^3.0.4"

"@humanwhocodes/gitignore-to-minimatch@^1.0.2":
  version "1.0.2"
  resolved "https://registry.yarnpkg.com/@humanwhocodes/gitignore-to-minimatch/-/gitignore-to-minimatch-1.0.2.tgz#316b0a63b91c10e53f242efb4ace5c3b34e8728d"
  integrity sha512-rSqmMJDdLFUsyxR6FMtD00nfQKKLFb1kv+qBbOVKqErvloEIJLo5bDTJTQNTYgeyp78JsA7u/NPi5jT1GR/MuA==

"@humanwhocodes/object-schema@^1.2.1":
  version "1.2.1"
  resolved "https://registry.yarnpkg.com/@humanwhocodes/object-schema/-/object-schema-1.2.1.tgz#b520529ec21d8e5945a1851dfd1c32e94e39ff45"
  integrity sha512-ZnQMnLV4e7hDlUvw8H+U8ASL02SS2Gn6+9Ac3wGGLIe7+je2AeAOxPY+izIPJDfFDb7eDjev0Us8MO1iFRN8hA==

"@jridgewell/gen-mapping@^0.3.0":
  version "0.3.2"